
Microsoft Visual Studio Solution File, Format Version 12.00
# Visual Studio Version 16
VisualStudioVersion = 16.0.32602.291
MinimumVisualStudioVersion = 10.0.40219.1
Project("{FAE04EC0-301F-11D3-BF4B-00C04F79EFBC}") = "Task1", "Task1\Task1.csproj", "{00AFCA54-A6A0-4041-BBD3-EAD9FDF88290}"
EndProject
Global
	GlobalSection(SolutionConfigurationPlatforms) = preSolution
		Debug|Any CPU = Debug|Any CPU
		Release|Any CPU = Release|Any CPU
	EndGlobalSection
	GlobalSection(ProjectConfigurationPlatforms) = postSolution
		{00AFCA54-A6A0-4041-BBD3-EAD9FDF88290}.Debug|Any CPU.ActiveCfg = Debug|Any CPU
		{00AFCA54-A6A0-4041-BBD3-EAD9FDF88290}.Debug|Any CPU.Build.0 = Debug|Any CPU
		{00AFCA54-A6A0-4041-BBD3-EAD9FDF88290}.Release|Any CPU.ActiveCfg = Release|Any CPU
		{00AFCA54-A6A0-4041-BBD3-EAD9FDF88290}.Release|Any CPU.Build.0 = Release|Any CPU
	EndGlobalSection
	GlobalSection(SolutionProperties) = preSolution
		HideSolutionNode = FALSE
	EndGlobalSection
	GlobalSection(ExtensibilityGlobals) = postSolution
		SolutionGuid = {9EBACC43-0F61-4AD7-9CC0-D706E44EAF00}
	EndGlobalSection
EndGlobal
